
Microsoft Visual Studio Solution File, Format Version 12.00
# Visual Studio Version 16
VisualStudioVersion = 16.0.33214.272
MinimumVisualStudioVersion = 10.0.40219.1
Project("{FAE04EC0-301F-11D3-BF4B-00C04F79EFBC}") = "IndoAgri.Report.Web", "IndoAgri.Report.Web\IndoAgri.Report.Web.csproj", "{73D9C3A6-AF10-45B1-B4A8-577EF5FE9961}"
EndProject
Global
	GlobalSection(SolutionConfigurationPlatforms) = preSolution
		Debug|Any CPU = Debug|Any CPU
		Release|Any CPU = Release|Any CPU
	EndGlobalSection
	GlobalSection(ProjectConfigurationPlatforms) = postSolution
		{73D9C3A6-AF10-45B1-B4A8-577EF5FE9961}.Debug|Any CPU.ActiveCfg = Debug|Any CPU
		{73D9C3A6-AF10-45B1-B4A8-577EF5FE9961}.Debug|Any CPU.Build.0 = Debug|Any CPU
		{73D9C3A6-AF10-45B1-B4A8-577EF5FE9961}.Release|Any CPU.ActiveCfg = Release|Any CPU
		{73D9C3A6-AF10-45B1-B4A8-577EF5FE9961}.Release|Any CPU.Build.0 = Release|Any CPU
	EndGlobalSection
	GlobalSection(SolutionProperties) = preSolution
		HideSolutionNode = FALSE
	EndGlobalSection
	GlobalSection(ExtensibilityGlobals) = postSolution
		SolutionGuid = {F7F4C32A-CE57-4C13-970D-CA350F8FE9B2}
	EndGlobalSection
EndGlobal
